
Microsoft Visual Studio Solution File, Format Version 12.00
# Visual Studio Version 16
VisualStudioVersion = 16.0.31321.278
MinimumVisualStudioVersion = 10.0.40219.1
Project("{9A19103F-16F7-4668-BE54-9A1E7A4F7556}") = "DataAccess", "DataAccess\DataAccess.csproj", "{28CAE670-5BCF-4A0E-B92D-9D84E0162929}"
EndProject
Project("{9A19103F-16F7-4668-BE54-9A1E7A4F7556}") = "Business", "Business\Business.csproj", "{66AF5A85-0C94-4BD9-848A-B53057D312BE}"
EndProject
Project("{9A19103F-16F7-4668-BE54-9A1E7A4F7556}") = "Entities", "Entities\Entities.csproj", "{689266EA-EA2C-48A4-9E6F-518C053E3B84}"
EndProject
Project("{9A19103F-16F7-4668-BE54-9A1E7A4F7556}") = "ConsoleUI", "ConsoleUI\ConsoleUI.csproj", "{87A26F10-F464-4ECA-82E5-E17D735C4C24}"
EndProject
Project("{FAE04EC0-301F-11D3-BF4B-00C04F79EFBC}") = "Core", "Core\Core.csproj", "{F028FBD6-6811-4C7F-8F95-80004AC2DF6E}"
EndProject
Global
	GlobalSection(SolutionConfigurationPlatforms) = preSolution
		Debug|Any CPU = Debug|Any CPU
		Release|Any CPU = Release|Any CPU
	EndGlobalSection
	GlobalSection(ProjectConfigurationPlatforms) = postSolution
		{28CAE670-5BCF-4A0E-B92D-9D84E0162929}.Debug|Any CPU.ActiveCfg = Debug|Any CPU
		{28CAE670-5BCF-4A0E-B92D-9D84E0162929}.Debug|Any CPU.Build.0 = Debug|Any CPU
		{28CAE670-5BCF-4A0E-B92D-9D84E0162929}.Release|Any CPU.ActiveCfg = Release|Any CPU
		{28CAE670-5BCF-4A0E-B92D-9D84E0162929}.Release|Any CPU.Build.0 = Release|Any CPU
		{66AF5A85-0C94-4BD9-848A-B53057D312BE}.Debug|Any CPU.ActiveCfg = Debug|Any CPU
		{66AF5A85-0C94-4BD9-848A-B53057D312BE}.Debug|Any CPU.Build.0 = Debug|Any CPU
		{66AF5A85-0C94-4BD9-848A-B53057D312BE}.Release|Any CPU.ActiveCfg = Release|Any CPU
		{66AF5A85-0C94-4BD9-848A-B53057D312BE}.Release|Any CPU.Build.0 = Release|Any CPU
		{689266EA-EA2C-48A4-9E6F-518C053E3B84}.Debug|Any CPU.ActiveCfg = Debug|Any CPU
		{689266EA-EA2C-48A4-9E6F-518C053E3B84}.Debug|Any CPU.Build.0 = Debug|Any CPU
		{689266EA-EA2C-48A4-9E6F-518C053E3B84}.Release|Any CPU.ActiveCfg = Release|Any CPU
		{689266EA-EA2C-48A4-9E6F-518C053E3B84}.Release|Any CPU.Build.0 = Release|Any CPU
		{87A26F10-F464-4ECA-82E5-E17D735C4C24}.Debug|Any CPU.ActiveCfg = Debug|Any CPU
		{87A26F10-F464-4ECA-82E5-E17D735C4C24}.Debug|Any CPU.Build.0 = Debug|Any CPU
		{87A26F10-F464-4ECA-82E5-E17D735C4C24}.Release|Any CPU.ActiveCfg = Release|Any CPU
		{87A26F10-F464-4ECA-82E5-E17D735C4C24}.Release|Any CPU.Build.0 = Release|Any CPU
		{F028FBD6-6811-4C7F-8F95-80004AC2DF6E}.Debug|Any CPU.ActiveCfg = Debug|Any CPU
		{F028FBD6-6811-4C7F-8F95-80004AC2DF6E}.Debug|Any CPU.Build.0 = Debug|Any CPU
		{F028FBD6-6811-4C7F-8F95-80004AC2DF6E}.Release|Any CPU.ActiveCfg = Release|Any CPU
		{F028FBD6-6811-4C7F-8F95-80004AC2DF6E}.Release|Any CPU.Build.0 = Release|Any CPU
	EndGlobalSection
	GlobalSection(SolutionProperties) = preSolution
		HideSolutionNode = FALSE
	EndGlobalSection
	GlobalSection(ExtensibilityGlobals) = postSolution
		SolutionGuid = {C04017F7-073E-4FF6-A829-86059B7E4485}
	EndGlobalSection
EndGlobal
